<?xml version="1.0" encoding="utf-8"?>
<Project ToolsVersion="4.0" xmlns="http://schemas.microsoft.com/developer/msbuild/2003">
  <ItemGroup>
    <ClCompile Include="src\main\Main.cpp" />
    <ClCompile Include="src\interface\gui\Window.cpp" />
    <ClCompile Include="src\core\Initializer.cpp" />
    <ClCompile Include="src\core\Terminator.cpp" />
    <ClCompile Include="src\debug\profiler\ScopeTimer.cpp" />
    <ClCompile Include="src\scene\importer\MeshLoader.cpp" />
    <ClCompile Include="src\renderer\MeshRenderer.cpp" />
    <ClCompile Include="src\renderer\Renderer.cpp" />
    <ClCompile Include="src\scene\importer\ShaderLoader.cpp" />
    <ClCompile Include="src\debug\Assert.cpp" />
    <ClCompile Include="src\interface\input\Input.cpp" />
    <ClCompile Include="src\interface\input\Mouse.cpp" />
    <ClCompile Include="src\interface\input\Keyboard.cpp" />
    <ClCompile Include="src\core\system\Time.cpp" />
    <ClCompile Include="src\main\FirstPersonCamera.cpp" />
    <ClCompile Include="src\renderer\shader\Shader.cpp" />
    <ClCompile Include="src\scene\importer\ImageLoader.cpp" />
    <ClCompile Include="src\scene\importer\TextureLoader.cpp" />
    <ClCompile Include="src\interface\input\Joystick.cpp" />
    <ClCompile Include="src\scene\importer\ModelLoader.cpp" />
    <ClCompile Include="src\utils\math\Procedual.cpp" />
    <ClCompile Include="src\scene\Scene.cpp" />
    <ClCompile Include="src\renderer\FrameBufferLoader.cpp" />
    <ClCompile Include="src\renderer\postProcessing\PostProcesser.cpp" />
    <ClCompile Include="src\renderer\FrameBuffer.cpp" />
    <ClCompile Include="src\renderer\postProcessing\PostProcessStack.cpp" />
  </ItemGroup>
  <ItemGroup>
    <ClInclude Include="src\interface\gui\Window.h" />
    <ClInclude Include="src\core\Core.h" />
    <ClInclude Include="src\debug\Debug.h" />
    <ClInclude Include="src\debug\profiler\ScopeTimer.h" />
    <ClInclude Include="src\main\Main.h" />
    <ClInclude Include="src\scene\Scene.h" />
    <ClInclude Include="src\renderer\Renderer.h" />
    <ClInclude Include="src\utils\collection\Buffer.h" />
    <ClInclude Include="src\utils\collection\Color.h" />
    <ClInclude Include="src\scene\importer\Importer.h" />
    <ClInclude Include="src\Photon.h" />
    <ClInclude Include="src\utils\math\Vector.h" />
    <ClInclude Include="src\utils\math\Arithmetic.h" />
    <ClInclude Include="src\utils\math\Matrix.h" />
    <ClInclude Include="src\interface\input\Input.h" />
    <ClInclude Include="src\core\system\Time.h" />
    <ClInclude Include="src\utils\math\Procedual.h" />
    <ClInclude Include="src\renderer\FrameBuffer.h" />
    <ClInclude Include="src\renderer\postProcessing\PostProcessStack.h" />
    <ClInclude Include="src\renderer\postProcessing\PostProcesser.h" />
    <ClInclude Include="src\scene\PostProcessVolume.h" />
    <ClInclude Include="src\scene\Texture.h" />
    <ClInclude Include="src\scene\Image.h" />
    <ClInclude Include="src\scene\Camera.h" />
    <ClInclude Include="src\scene\Light.h" />
    <ClInclude Include="src\scene\Node.h" />
    <ClInclude Include="src\scene\Material.h" />
    <ClInclude Include="src\scene\Shader.h" />
    <ClInclude Include="src\scene\Mesh.h" />
    <ClInclude Include="src\scene\Model.h" />
    <ClInclude Include="src\utils\collection\Sort.h" />
    <ClInclude Include="src\scene\BoundingVolume.h" />
    <ClInclude Include="src\utils\math\Intersect.h" />
    <ClInclude Include="src\core\Memory.h" />
    <ClInclude Include="src\utils\generic\String.h" />
  </ItemGroup>
  <ItemGroup>
    <None Include="Shader Library\albedo\Vertex.glsl" />
    <None Include="Shader Library\albedo\Fragment.glsl" />
    <None Include=".gitattributes" />
    <None Include=".gitignore" />
    <None Include="Shader Library\postProcessing\colorInversion\Vertex.glsl" />
    <None Include="Shader Library\postProcessing\colorInversion\Fragment.glsl" />
    <None Include="Shader Library\postProcessing\grayScale\Fragment.glsl" />
    <None Include="Shader Library\postProcessing\grayScale\Vertex.glsl" />
    <None Include="Shader Library\postProcessing\chromaticAberration\Fragment.glsl" />
    <None Include="Shader Library\postProcessing\chromaticAberration\Vertex.glsl" />
    <None Include="Shader Library\postProcessing\vignette\Fragment.glsl" />
    <None Include="Shader Library\postProcessing\vignette\Vertex.glsl" />
  </ItemGroup>
</Project>